
Microsoft Visual Studio Solution File, Format Version 12.00
# Visual Studio 14
VisualStudioVersion = 14.0.25420.1
MinimumVisualStudioVersion = 10.0.40219.1
Project("{FAE04EC0-301F-11D3-BF4B-00C04F79EFBC}") = "MainChatServer", "MainChatServer\MainChatServer.csproj", "{81BD5DBE-BEE6-467A-B285-B655DD7B55E5}"
EndProject
Project("{FAE04EC0-301F-11D3-BF4B-00C04F79EFBC}") = "MainChatClient", "MainChatClient\MainChatClient.csproj", "{94C6603F-D68F-47D6-A2F3-A44EA3461156}"
EndProject
Global
	GlobalSection(SolutionConfigurationPlatforms) = preSolution
		Debug|Any CPU = Debug|Any CPU
		Release|Any CPU = Release|Any CPU
	EndGlobalSection
	GlobalSection(ProjectConfigurationPlatforms) = postSolution
		{81BD5DBE-BEE6-467A-B285-B655DD7B55E5}.Debug|Any CPU.ActiveCfg = Debug|Any CPU
		{81BD5DBE-BEE6-467A-B285-B655DD7B55E5}.Debug|Any CPU.Build.0 = Debug|Any CPU
		{81BD5DBE-BEE6-467A-B285-B655DD7B55E5}.Release|Any CPU.ActiveCfg = Release|Any CPU
		{81BD5DBE-BEE6-467A-B285-B655DD7B55E5}.Release|Any CPU.Build.0 = Release|Any CPU
		{94C6603F-D68F-47D6-A2F3-A44EA3461156}.Debug|Any CPU.ActiveCfg = Debug|Any CPU
		{94C6603F-D68F-47D6-A2F3-A44EA3461156}.Debug|Any CPU.Build.0 = Debug|Any CPU
		{94C6603F-D68F-47D6-A2F3-A44EA3461156}.Release|Any CPU.ActiveCfg = Release|Any CPU
		{94C6603F-D68F-47D6-A2F3-A44EA3461156}.Release|Any CPU.Build.0 = Release|Any CPU
	EndGlobalSection
	GlobalSection(SolutionProperties) = preSolution
		HideSolutionNode = FALSE
	EndGlobalSection
EndGlobal
